{
  "name": "traffic-simulator-wasm",
  "lockfileVersion": 2,
  "requires": true,
  "packages": {
    "": {
      "dependencies": {
        "material-icons": "^1.12.0"
      }
    },
    "node_modules/material-icons": {
      "version": "1.12.0",
      "resolved": "https://registry.npmjs.org/material-icons/-/material-icons-1.12.0.tgz",
      "integrity": "sha512-QwiZGoNlXrorOqLbFYECxuFxxG0UTivX39b+6gmgbgg+w5v+LtNUoOuz4zPM0EPWmAYbQxv4PAdSNN08Wj6/nA=="
    }
  },
  "dependencies": {
    "material-icons": {
      "version": "1.12.0",
      "resolved": "https://registry.npmjs.org/material-icons/-/material-icons-1.12.0.tgz",
      "integrity": "sha512-QwiZGoNlXrorOqLbFYECxuFxxG0UTivX39b+6gmgbgg+w5v+LtNUoOuz4zPM0EPWmAYbQxv4PAdSNN08Wj6/nA=="
    }
  }
}
